// !$*UTF8*$!
{
	archiveVersion = 1;
	classes = {
	};
	objectVersion = 46;
	objects = {

/* Begin PBXBuildFile section */
		0E14A7311DD48B6F009D76A7 /* AppDelegate.swift in Sources */ = {isa = PBXBuildFile; fileRef = 0E14A7301DD48B6F009D76A7 /* AppDelegate.swift */; };
		0E14A7331DD48B6F009D76A7 /* ViewController.swift in Sources */ = {isa = PBXBuildFile; fileRef = 0E14A7321DD48B6F009D76A7 /* ViewController.swift */; };
		0E14A7361DD48B6F009D76A7 /* Main.storyboard in Resources */ = {isa = PBXBuildFile; fileRef = 0E14A7341DD48B6F009D76A7 /* Main.storyboard */; };
		0E14A7381DD48B6F009D76A7 /* Assets.xcassets in Resources */ = {isa = PBXBuildFile; fileRef = 0E14A7371DD48B6F009D76A7 /* Assets.xcassets */; };
		0E14A73B1DD48B6F009D76A7 /* LaunchScreen.storyboard in Resources */ = {isa = PBXBuildFile; fileRef = 0E14A7391DD48B6F009D76A7 /* LaunchScreen.storyboard */; };
		0E4F370B1E360464006B919C /* background_wood.jpg in Resources */ = {isa = PBXBuildFile; fileRef = 0E4F370A1E360464006B919C /* background_wood.jpg */; };
		0E4F370F1E3605AA006B919C /* pushButton_maru.png in Resources */ = {isa = PBXBuildFile; fileRef = 0E4F370D1E3605AA006B919C /* pushButton_maru.png */; };
		0E4F37131E360751006B919C /* pushButton_maru_h.png in Resources */ = {isa = PBXBuildFile; fileRef = 0E4F37121E360751006B919C /* pushButton_maru_h.png */; };
		0E4F37191E3615C3006B919C /* button.mp3 in Resources */ = {isa = PBXBuildFile; fileRef = 0E4F37181E3615C3006B919C /* button.mp3 */; };
		0E56854E1E682D5F00679B21 /* MenuViewController.swift in Sources */ = {isa = PBXBuildFile; fileRef = 0E56854D1E682D5F00679B21 /* MenuViewController.swift */; };
		0E5685551E683A7D00679B21 /* AlermSettingCell.swift in Sources */ = {isa = PBXBuildFile; fileRef = 0E5685531E683A7D00679B21 /* AlermSettingCell.swift */; };
		0E5685581E683A9E00679B21 /* SectionViewCell.swift in Sources */ = {isa = PBXBuildFile; fileRef = 0E5685571E683A9E00679B21 /* SectionViewCell.swift */; };
		0E56855A1E683ABC00679B21 /* RowViewCell.swift in Sources */ = {isa = PBXBuildFile; fileRef = 0E5685591E683ABC00679B21 /* RowViewCell.swift */; };
		0E56855C1E683D8100679B21 /* MenuViewModel.swift in Sources */ = {isa = PBXBuildFile; fileRef = 0E56855B1E683D8100679B21 /* MenuViewModel.swift */; };
		0E56855E1E6946A300679B21 /* AlarmTimePickerViewController.swift in Sources */ = {isa = PBXBuildFile; fileRef = 0E56855D1E6946A300679B21 /* AlarmTimePickerViewController.swift */; };
		0E5685601E6946B600679B21 /* AlarmTimePickerViewController.storyboard in Resources */ = {isa = PBXBuildFile; fileRef = 0E56855F1E6946B600679B21 /* AlarmTimePickerViewController.storyboard */; };
		0E5685631E69791900679B21 /* UserDefaults.swift in Sources */ = {isa = PBXBuildFile; fileRef = 0E5685621E69791900679B21 /* UserDefaults.swift */; };
		0E5BD4021E3A15CF0057C95F /* bgm.mp3 in Resources */ = {isa = PBXBuildFile; fileRef = 0E5BD4011E3A15CF0057C95F /* bgm.mp3 */; };
		0E981B6D1E3A18CD0077FF1D /* InfoViewController.swift in Sources */ = {isa = PBXBuildFile; fileRef = 0E981B6C1E3A18CD0077FF1D /* InfoViewController.swift */; };
		0EC754361E3ADD3200EE8C50 /* GoogleService-Info.plist in Resources */ = {isa = PBXBuildFile; fileRef = 0EC754351E3ADD3200EE8C50 /* GoogleService-Info.plist */; };
		0EC754381E3AE29300EE8C50 /* CoreData.framework in Frameworks */ = {isa = PBXBuildFile; fileRef = 0EC754371E3AE29300EE8C50 /* CoreData.framework */; };
		0EC7543A1E3AE29D00EE8C50 /* SystemConfiguration.framework in Frameworks */ = {isa = PBXBuildFile; fileRef = 0EC754391E3AE29D00EE8C50 /* SystemConfiguration.framework */; };
		0EC7543C1E3AE2A900EE8C50 /* libz.tbd in Frameworks */ = {isa = PBXBuildFile; fileRef = 0EC7543B1E3AE2A900EE8C50 /* libz.tbd */; };
		0EC7543E1E3AE2B500EE8C50 /* libsqlite3.tbd in Frameworks */ = {isa = PBXBuildFile; fileRef = 0EC7543D1E3AE2B500EE8C50 /* libsqlite3.tbd */; };
		0EC754401E3AE45D00EE8C50 /* AdSupport.framework in Frameworks */ = {isa = PBXBuildFile; fileRef = 0EC7543F1E3AE45D00EE8C50 /* AdSupport.framework */; };
		0EC754421E3AE5CC00EE8C50 /* GATrackingManager.swift in Sources */ = {isa = PBXBuildFile; fileRef = 0EC754411E3AE5CC00EE8C50 /* GATrackingManager.swift */; };
		9BE6BAB82810F9761B7B4ACE /* Pods_DoNothing.framework in Frameworks */ = {isa = PBXBuildFile; fileRef = 65911B4AD657D72BC40625AA /* Pods_DoNothing.framework */; };
/* End PBXBuildFile section */

/* Begin PBXFileReference section */
		0E14A72D1DD48B6F009D76A7 /* DoNothing.app */ = {isa = PBXFileReference; explicitFileType = wrapper.application; includeInIndex = 0; path = DoNothing.app; sourceTree = BUILT_PRODUCTS_DIR; };
		0E14A7301DD48B6F009D76A7 /* AppDelegate.swift */ = {isa = PBXFileReference; lastKnownFileType = sourcecode.swift; path = AppDelegate.swift; sourceTree = "<group>"; };
		0E14A7321DD48B6F009D76A7 /* ViewController.swift */ = {isa = PBXFileReference; lastKnownFileType = sourcecode.swift; path = ViewController.swift; sourceTree = "<group>"; };
		0E14A7351DD48B6F009D76A7 /* Base */ = {isa = PBXFileReference; lastKnownFileType = file.storyboard; name = Base; path = Base.lproj/Main.storyboard; sourceTree = "<group>"; };
		0E14A7371DD48B6F009D76A7 /* Assets.xcassets */ = {isa = PBXFileReference; lastKnownFileType = folder.assetcatalog; path = Assets.xcassets; sourceTree = "<group>"; };
		0E14A73A1DD48B6F009D76A7 /* Base */ = {isa = PBXFileReference; lastKnownFileType = file.storyboard; name = Base; path = Base.lproj/LaunchScreen.storyboard; sourceTree = "<group>"; };
		0E14A73C1DD48B6F009D76A7 /* Info.plist */ = {isa = PBXFileReference; lastKnownFileType = text.plist.xml; path = Info.plist; sourceTree = "<group>"; };
		0E4F370A1E360464006B919C /* background_wood.jpg */ = {isa = PBXFileReference; lastKnownFileType = image.jpeg; path = background_wood.jpg; sourceTree = "<group>"; };
		0E4F370D1E3605AA006B919C /* pushButton_maru.png */ = {isa = PBXFileReference; lastKnownFileType = image.png; path = pushButton_maru.png; sourceTree = "<group>"; };
		0E4F37121E360751006B919C /* pushButton_maru_h.png */ = {isa = PBXFileReference; lastKnownFileType = image.png; path = pushButton_maru_h.png; sourceTree = "<group>"; };
		0E4F37181E3615C3006B919C /* button.mp3 */ = {isa = PBXFileReference; lastKnownFileType = audio.mp3; path = button.mp3; sourceTree = "<group>"; };
		0E56854D1E682D5F00679B21 /* MenuViewController.swift */ = {isa = PBXFileReference; fileEncoding = 4; lastKnownFileType = sourcecode.swift; path = MenuViewController.swift; sourceTree = "<group>"; };
		0E5685531E683A7D00679B21 /* AlermSettingCell.swift */ = {isa = PBXFileReference; fileEncoding = 4; lastKnownFileType = sourcecode.swift; path = AlermSettingCell.swift; sourceTree = "<group>"; };
		0E5685571E683A9E00679B21 /* SectionViewCell.swift */ = {isa = PBXFileReference; fileEncoding = 4; lastKnownFileType = sourcecode.swift; path = SectionViewCell.swift; sourceTree = "<group>"; };
		0E5685591E683ABC00679B21 /* RowViewCell.swift */ = {isa = PBXFileReference; fileEncoding = 4; lastKnownFileType = sourcecode.swift; path = RowViewCell.swift; sourceTree = "<group>"; };
		0E56855B1E683D8100679B21 /* MenuViewModel.swift */ = {isa = PBXFileReference; fileEncoding = 4; lastKnownFileType = sourcecode.swift; path = MenuViewModel.swift; sourceTree = "<group>"; };
		0E56855D1E6946A300679B21 /* AlarmTimePickerViewController.swift */ = {isa = PBXFileReference; fileEncoding = 4; lastKnownFileType = sourcecode.swift; path = AlarmTimePickerViewController.swift; sourceTree = "<group>"; };
		0E56855F1E6946B600679B21 /* AlarmTimePickerViewController.storyboard */ = {isa = PBXFileReference; fileEncoding = 4; lastKnownFileType = file.storyboard; path = AlarmTimePickerViewController.storyboard; sourceTree = "<group>"; };
		0E5685621E69791900679B21 /* UserDefaults.swift */ = {isa = PBXFileReference; fileEncoding = 4; lastKnownFileType = sourcecode.swift; path = UserDefaults.swift; sourceTree = "<group>"; };
		0E5BD4011E3A15CF0057C95F /* bgm.mp3 */ = {isa = PBXFileReference; lastKnownFileType = audio.mp3; path = bgm.mp3; sourceTree = "<group>"; };
		0E981B6C1E3A18CD0077FF1D /* InfoViewController.swift */ = {isa = PBXFileReference; fileEncoding = 4; lastKnownFileType = sourcecode.swift; path = InfoViewController.swift; sourceTree = "<group>"; };
		0EC754341E3ADB9000EE8C50 /* DoNothing-Bridging-Header.h */ = {isa = PBXFileReference; fileEncoding = 4; lastKnownFileType = sourcecode.c.h; path = "DoNothing-Bridging-Header.h"; sourceTree = "<group>"; };
		0EC754351E3ADD3200EE8C50 /* GoogleService-Info.plist */ = {isa = PBXFileReference; fileEncoding = 4; lastKnownFileType = text.plist.xml; path = "GoogleService-Info.plist"; sourceTree = "<group>"; };
		0EC754371E3AE29300EE8C50 /* CoreData.framework */ = {isa = PBXFileReference; lastKnownFileType = wrapper.framework; name = CoreData.framework; path = System/Library/Frameworks/CoreData.framework; sourceTree = SDKROOT; };
		0EC754391E3AE29D00EE8C50 /* SystemConfiguration.framework */ = {isa = PBXFileReference; lastKnownFileType = wrapper.framework; name = SystemConfiguration.framework; path = System/Library/Frameworks/SystemConfiguration.framework; sourceTree = SDKROOT; };
		0EC7543B1E3AE2A900EE8C50 /* libz.tbd */ = {isa = PBXFileReference; lastKnownFileType = "sourcecode.text-based-dylib-definition"; name = libz.tbd; path = usr/lib/libz.tbd; sourceTree = SDKROOT; };
		0EC7543D1E3AE2B500EE8C50 /* libsqlite3.tbd */ = {isa = PBXFileReference; lastKnownFileType = "sourcecode.text-based-dylib-definition"; name = libsqlite3.tbd; path = usr/lib/libsqlite3.tbd; sourceTree = SDKROOT; };
		0EC7543F1E3AE45D00EE8C50 /* AdSupport.framework */ = {isa = PBXFileReference; lastKnownFileType = wrapper.framework; name = AdSupport.framework; path = System/Library/Frameworks/AdSupport.framework; sourceTree = SDKROOT; };
		0EC754411E3AE5CC00EE8C50 /* GATrackingManager.swift */ = {isa = PBXFileReference; fileEncoding = 4; lastKnownFileType = sourcecode.swift; path = GATrackingManager.swift; sourceTree = "<group>"; };
		116A7C88B2291B281D816EE4 /* Pods-DoNothing.release.xcconfig */ = {isa = PBXFileReference; includeInIndex = 1; lastKnownFileType = text.xcconfig; name = "Pods-DoNothing.release.xcconfig"; path = "Pods/Target Support Files/Pods-DoNothing/Pods-DoNothing.release.xcconfig"; sourceTree = "<group>"; };
		65911B4AD657D72BC40625AA /* Pods_DoNothing.framework */ = {isa = PBXFileReference; explicitFileType = wrapper.framework; includeInIndex = 0; path = Pods_DoNothing.framework; sourceTree = BUILT_PRODUCTS_DIR; };
		6720BF42EA36A8FD979234F6 /* Pods-DoNothing.debug.xcconfig */ = {isa = PBXFileReference; includeInIndex = 1; lastKnownFileType = text.xcconfig; name = "Pods-DoNothing.debug.xcconfig"; path = "Pods/Target Support Files/Pods-DoNothing/Pods-DoNothing.debug.xcconfig"; sourceTree = "<group>"; };
/* End PBXFileReference section */

/* Begin PBXFrameworksBuildPhase section */
		0E14A72A1DD48B6F009D76A7 /* Frameworks */ = {
			isa = PBXFrameworksBuildPhase;
			buildActionMask = 2147483647;
			files = (
				0EC754401E3AE45D00EE8C50 /* AdSupport.framework in Frameworks */,
				0EC7543E1E3AE2B500EE8C50 /* libsqlite3.tbd in Frameworks */,
				0EC7543C1E3AE2A900EE8C50 /* libz.tbd in Frameworks */,
				0EC7543A1E3AE29D00EE8C50 /* SystemConfiguration.framework in Frameworks */,
				0EC754381E3AE29300EE8C50 /* CoreData.framework in Frameworks */,
				9BE6BAB82810F9761B7B4ACE /* Pods_DoNothing.framework in Frameworks */,
			);
			runOnlyForDeploymentPostprocessing = 0;
		};
/* End PBXFrameworksBuildPhase section */

/* Begin PBXGroup section */
		0E14A7241DD48B6F009D76A7 = {
			isa = PBXGroup;
			children = (
				0E14A72F1DD48B6F009D76A7 /* DoNothing */,
				0E14A72E1DD48B6F009D76A7 /* Products */,
				19EE6141840E52D8B019F4CC /* Pods */,
				E5B841AE66822F6FB0EE0F23 /* Frameworks */,
			);
			sourceTree = "<group>";
		};
		0E14A72E1DD48B6F009D76A7 /* Products */ = {
			isa = PBXGroup;
			children = (
				0E14A72D1DD48B6F009D76A7 /* DoNothing.app */,
			);
			name = Products;
			sourceTree = "<group>";
		};
		0E14A72F1DD48B6F009D76A7 /* DoNothing */ = {
			isa = PBXGroup;
			children = (
				0E14A7301DD48B6F009D76A7 /* AppDelegate.swift */,
				0E5685611E6978F000679B21 /* 機能 */,
				0E981B6B1E3A18950077FF1D /* 画面 */,
				0E14A7371DD48B6F009D76A7 /* Assets.xcassets */,
				0E14A7391DD48B6F009D76A7 /* LaunchScreen.storyboard */,
				0E14A73C1DD48B6F009D76A7 /* Info.plist */,
				0E14A7451DD498E8009D76A7 /* Images */,
				0E14A7421DD4958A009D76A7 /* Sounds */,
				0EC754351E3ADD3200EE8C50 /* GoogleService-Info.plist */,
				0EC754341E3ADB9000EE8C50 /* DoNothing-Bridging-Header.h */,
				0EC754411E3AE5CC00EE8C50 /* GATrackingManager.swift */,
			);
			path = DoNothing;
			sourceTree = "<group>";
		};
		0E14A7421DD4958A009D76A7 /* Sounds */ = {
			isa = PBXGroup;
			children = (
				0E4F37181E3615C3006B919C /* button.mp3 */,
				0E5BD4011E3A15CF0057C95F /* bgm.mp3 */,
			);
			name = Sounds;
			sourceTree = "<group>";
		};
		0E14A7451DD498E8009D76A7 /* Images */ = {
			isa = PBXGroup;
			children = (
				0E4F37121E360751006B919C /* pushButton_maru_h.png */,
				0E4F370D1E3605AA006B919C /* pushButton_maru.png */,
				0E4F370A1E360464006B919C /* background_wood.jpg */,
			);
			name = Images;
			sourceTree = "<group>";
		};
		0E56854F1E6839C100679B21 /* アラーム画面 */ = {
			isa = PBXGroup;
			children = (
				0E5685501E6839DD00679B21 /* Model */,
				0E5685511E6839E800679B21 /* View */,
				0E5685521E6839EF00679B21 /* ViewController */,
			);
			name = "アラーム画面";
			sourceTree = "<group>";
		};
		0E5685501E6839DD00679B21 /* Model */ = {
			isa = PBXGroup;
			children = (
				0E56855B1E683D8100679B21 /* MenuViewModel.swift */,
			);
			name = Model;
			sourceTree = "<group>";
		};
		0E5685511E6839E800679B21 /* View */ = {
			isa = PBXGroup;
			children = (
				0E5685531E683A7D00679B21 /* AlermSettingCell.swift */,
				0E5685571E683A9E00679B21 /* SectionViewCell.swift */,
				0E5685591E683ABC00679B21 /* RowViewCell.swift */,
			);
			name = View;
			sourceTree = "<group>";
		};
		0E5685521E6839EF00679B21 /* ViewController */ = {
			isa = PBXGroup;
			children = (
				0E56854D1E682D5F00679B21 /* MenuViewController.swift */,
				0E56855D1E6946A300679B21 /* AlarmTimePickerViewController.swift */,
				0E56855F1E6946B600679B21 /* AlarmTimePickerViewController.storyboard */,
			);
			name = ViewController;
			sourceTree = "<group>";
		};
		0E5685611E6978F000679B21 /* 機能 */ = {
			isa = PBXGroup;
			children = (
				0E5685621E69791900679B21 /* UserDefaults.swift */,
			);
			name = "機能";
			sourceTree = "<group>";
		};
		0E981B6B1E3A18950077FF1D /* 画面 */ = {
			isa = PBXGroup;
			children = (
				0E56854F1E6839C100679B21 /* アラーム画面 */,
				0E14A7341DD48B6F009D76A7 /* Main.storyboard */,
				0E14A7321DD48B6F009D76A7 /* ViewController.swift */,
				0E981B6C1E3A18CD0077FF1D /* InfoViewController.swift */,
			);
			name = "画面";
			sourceTree = "<group>";
		};
		19EE6141840E52D8B019F4CC /* Pods */ = {
			isa = PBXGroup;
			children = (
				6720BF42EA36A8FD979234F6 /* Pods-DoNothing.debug.xcconfig */,
				116A7C88B2291B281D816EE4 /* Pods-DoNothing.release.xcconfig */,
			);
			name = Pods;
			sourceTree = "<group>";
		};
		E5B841AE66822F6FB0EE0F23 /* Frameworks */ = {
			isa = PBXGroup;
			children = (
				0EC7543F1E3AE45D00EE8C50 /* AdSupport.framework */,
				0EC7543D1E3AE2B500EE8C50 /* libsqlite3.tbd */,
				0EC7543B1E3AE2A900EE8C50 /* libz.tbd */,
				0EC754391E3AE29D00EE8C50 /* SystemConfiguration.framework */,
				0EC754371E3AE29300EE8C50 /* CoreData.framework */,
				65911B4AD657D72BC40625AA /* Pods_DoNothing.framework */,
			);
			name = Frameworks;
			sourceTree = "<group>";
		};
/* End PBXGroup section */

/* Begin PBXNativeTarget section */
		0E14A72C1DD48B6F009D76A7 /* DoNothing */ = {
			isa = PBXNativeTarget;
			buildConfigurationList = 0E14A73F1DD48B6F009D76A7 /* Build configuration list for PBXNativeTarget "DoNothing" */;
			buildPhases = (
				E31FE3F8A95B71DA1934A883 /* [CP] Check Pods Manifest.lock */,
				0E14A7291DD48B6F009D76A7 /* Sources */,
				0E14A72A1DD48B6F009D76A7 /* Frameworks */,
				0E14A72B1DD48B6F009D76A7 /* Resources */,
				E83884B6D2D6851DA587AD6E /* [CP] Embed Pods Frameworks */,
				70EA96EBC91411D2599F36C6 /* [CP] Copy Pods Resources */,
			);
			buildRules = (
			);
			dependencies = (
			);
			name = DoNothing;
			productName = DoNothing;
			productReference = 0E14A72D1DD48B6F009D76A7 /* DoNothing.app */;
			productType = "com.apple.product-type.application";
		};
/* End PBXNativeTarget section */

/* Begin PBXProject section */
		0E14A7251DD48B6F009D76A7 /* Project object */ = {
			isa = PBXProject;
			attributes = {
				LastSwiftUpdateCheck = 0730;
				LastUpgradeCheck = 0820;
				ORGANIZATIONNAME = "棚瀬 隆太";
				TargetAttributes = {
					0E14A72C1DD48B6F009D76A7 = {
						CreatedOnToolsVersion = 7.3.1;
						DevelopmentTeam = ZCWH6BR77F;
						LastSwiftMigration = 0820;
						ProvisioningStyle = Manual;
					};
				};
			};
			buildConfigurationList = 0E14A7281DD48B6F009D76A7 /* Build configuration list for PBXProject "DoNothing" */;
			compatibilityVersion = "Xcode 3.2";
			developmentRegion = English;
			hasScannedForEncodings = 0;
			knownRegions = (
				en,
				Base,
			);
			mainGroup = 0E14A7241DD48B6F009D76A7;
			productRefGroup = 0E14A72E1DD48B6F009D76A7 /* Products */;
			projectDirPath = "";
			projectRoot = "";
			targets = (
				0E14A72C1DD48B6F009D76A7 /* DoNothing */,
			);
		};
/* End PBXProject section */

/* Begin PBXResourcesBuildPhase section */
		0E14A72B1DD48B6F009D76A7 /* Resources */ = {
			isa = PBXResourcesBuildPhase;
			buildActionMask = 2147483647;
			files = (
				0E4F37191E3615C3006B919C /* button.mp3 in Resources */,
				0E4F370F1E3605AA006B919C /* pushButton_maru.png in Resources */,
				0E5685601E6946B600679B21 /* AlarmTimePickerViewController.storyboard in Resources */,
				0EC754361E3ADD3200EE8C50 /* GoogleService-Info.plist in Resources */,
				0E4F37131E360751006B919C /* pushButton_maru_h.png in Resources */,
				0E14A73B1DD48B6F009D76A7 /* LaunchScreen.storyboard in Resources */,
				0E4F370B1E360464006B919C /* background_wood.jpg in Resources */,
				0E14A7381DD48B6F009D76A7 /* Assets.xcassets in Resources */,
				0E14A7361DD48B6F009D76A7 /* Main.storyboard in Resources */,
				0E5BD4021E3A15CF0057C95F /* bgm.mp3 in Resources */,
			);
			runOnlyForDeploymentPostprocessing = 0;
		};
/* End PBXResourcesBuildPhase section */

/* Begin PBXShellScriptBuildPhase section */
		70EA96EBC91411D2599F36C6 /* [CP] Copy Pods Resources */ = {
			isa = PBXShellScriptBuildPhase;
			buildActionMask = 2147483647;
			files = (
			);
			inputPaths = (
			);
			name = "[CP] Copy Pods Resources";
			outputPaths = (
			);
			runOnlyForDeploymentPostprocessing = 0;
			shellPath = /bin/sh;
			shellScript = "\"${SRCROOT}/Pods/Target Support Files/Pods-DoNothing/Pods-DoNothing-resources.sh\"\n";
			showEnvVarsInLog = 0;
		};
		E31FE3F8A95B71DA1934A883 /* [CP] Check Pods Manifest.lock */ = {
			isa = PBXShellScriptBuildPhase;
			buildActionMask = 2147483647;
			files = (
			);
			inputPaths = (
			);
			name = "[CP] Check Pods Manifest.lock";
			outputPaths = (
			);
			runOnlyForDeploymentPostprocessing = 0;
			shellPath = /bin/sh;
			shellScript = "diff \"${PODS_ROOT}/../Podfile.lock\" \"${PODS_ROOT}/Manifest.lock\" > /dev/null\nif [[ $? != 0 ]] ; then\n    cat << EOM\nerror: The sandbox is not in sync with the Podfile.lock. Run 'pod install' or update your CocoaPods installation.\nEOM\n    exit 1\nfi\n";
			showEnvVarsInLog = 0;
		};
		E83884B6D2D6851DA587AD6E /* [CP] Embed Pods Frameworks */ = {
			isa = PBXShellScriptBuildPhase;
			buildActionMask = 2147483647;
			files = (
			);
			inputPaths = (
			);
			name = "[CP] Embed Pods Frameworks";
			outputPaths = (
			);
			runOnlyForDeploymentPostprocessing = 0;
			shellPath = /bin/sh;
			shellScript = "\"${SRCROOT}/Pods/Target Support Files/Pods-DoNothing/Pods-DoNothing-frameworks.sh\"\n";
			showEnvVarsInLog = 0;
		};
/* End PBXShellScriptBuildPhase section */

/* Begin PBXSourcesBuildPhase section */
		0E14A7291DD48B6F009D76A7 /* Sources */ = {
			isa = PBXSourcesBuildPhase;
			buildActionMask = 2147483647;
			files = (
				0E5685551E683A7D00679B21 /* AlermSettingCell.swift in Sources */,
				0EC754421E3AE5CC00EE8C50 /* GATrackingManager.swift in Sources */,
				0E56854E1E682D5F00679B21 /* MenuViewController.swift in Sources */,
				0E5685631E69791900679B21 /* UserDefaults.swift in Sources */,
				0E56855C1E683D8100679B21 /* MenuViewModel.swift in Sources */,
				0E14A7331DD48B6F009D76A7 /* ViewController.swift in Sources */,
				0E56855E1E6946A300679B21 /* AlarmTimePickerViewController.swift in Sources */,
				0E5685581E683A9E00679B21 /* SectionViewCell.swift in Sources */,
				0E981B6D1E3A18CD0077FF1D /* InfoViewController.swift in Sources */,
				0E14A7311DD48B6F009D76A7 /* AppDelegate.swift in Sources */,
				0E56855A1E683ABC00679B21 /* RowViewCell.swift in Sources */,
			);
			runOnlyForDeploymentPostprocessing = 0;
		};
/* End PBXSourcesBuildPhase section */

/* Begin PBXVariantGroup section */
		0E14A7341DD48B6F009D76A7 /* Main.storyboard */ = {
			isa = PBXVariantGroup;
			children = (
				0E14A7351DD48B6F009D76A7 /* Base */,
			);
			name = Main.storyboard;
			sourceTree = "<group>";
		};
		0E14A7391DD48B6F009D76A7 /* LaunchScreen.storyboard */ = {
			isa = PBXVariantGroup;
			children = (
				0E14A73A1DD48B6F009D76A7 /* Base */,
			);
			name = LaunchScreen.storyboard;
			sourceTree = "<group>";
		};
/* End PBXVariantGroup section */

/* Begin XCBuildConfiguration section */
		0E14A73D1DD48B6F009D76A7 /* Debug */ = {
			isa = XCBuildConfiguration;
			buildSettings = {
				ALWAYS_SEARCH_USER_PATHS = NO;
				CLANG_ANALYZER_NONNULL = YES;
				CLANG_CXX_LANGUAGE_STANDARD = "gnu++0x";
				CLANG_CXX_LIBRARY = "libc++";
				CLANG_ENABLE_MODULES = YES;
				CLANG_ENABLE_OBJC_ARC = YES;
				CLANG_WARN_BOOL_CONVERSION = YES;
				CLANG_WARN_CONSTANT_CONVERSION = YES;
				CLANG_WARN_DIRECT_OBJC_ISA_USAGE = YES_ERROR;
				CLANG_WARN_EMPTY_BODY = YES;
				CLANG_WARN_ENUM_CONVERSION = YES;
				CLANG_WARN_INFINITE_RECURSION = YES;
				CLANG_WARN_INT_CONVERSION = YES;
				CLANG_WARN_OBJC_ROOT_CLASS = YES_ERROR;
				CLANG_WARN_SUSPICIOUS_MOVE = YES;
				CLANG_WARN_UNREACHABLE_CODE = YES;
				CLANG_WARN__DUPLICATE_METHOD_MATCH = YES;
				"CODE_SIGN_IDENTITY[sdk=iphoneos*]" = "iPhone Developer";
				COPY_PHASE_STRIP = NO;
				DEBUG_INFORMATION_FORMAT = dwarf;
				ENABLE_STRICT_OBJC_MSGSEND = YES;
				ENABLE_TESTABILITY = YES;
				GCC_C_LANGUAGE_STANDARD = gnu99;
				GCC_DYNAMIC_NO_PIC = NO;
				GCC_NO_COMMON_BLOCKS = YES;
				GCC_OPTIMIZATION_LEVEL = 0;
				GCC_PREPROCESSOR_DEFINITIONS = (
					"DEBUG=1",
					"$(inherited)",
				);
				GCC_WARN_64_TO_32_BIT_CONVERSION = YES;
				GCC_WARN_ABOUT_RETURN_TYPE = YES_ERROR;
				GCC_WARN_UNDECLARED_SELECTOR = YES;
				GCC_WARN_UNINITIALIZED_AUTOS = YES_AGGRESSIVE;
				GCC_WARN_UNUSED_FUNCTION = YES;
				GCC_WARN_UNUSED_VARIABLE = YES;
				IPHONEOS_DEPLOYMENT_TARGET = 9.3;
				MTL_ENABLE_DEBUG_INFO = YES;
				ONLY_ACTIVE_ARCH = YES;
				SDKROOT = iphoneos;
				SWIFT_OPTIMIZATION_LEVEL = "-Onone";
			};
			name = Debug;
		};
		0E14A73E1DD48B6F009D76A7 /* Release */ = {
			isa = XCBuildConfiguration;
			buildSettings = {
				ALWAYS_SEARCH_USER_PATHS = NO;
				CLANG_ANALYZER_NONNULL = YES;
				CLANG_CXX_LANGUAGE_STANDARD = "gnu++0x";
				CLANG_CXX_LIBRARY = "libc++";
				CLANG_ENABLE_MODULES = YES;
				CLANG_ENABLE_OBJC_ARC = YES;
				CLANG_WARN_BOOL_CONVERSION = YES;
				CLANG_WARN_CONSTANT_CONVERSION = YES;
				CLANG_WARN_DIRECT_OBJC_ISA_USAGE = YES_ERROR;
				CLANG_WARN_EMPTY_BODY = YES;
				CLANG_WARN_ENUM_CONVERSION = YES;
				CLANG_WARN_INFINITE_RECURSION = YES;
				CLANG_WARN_INT_CONVERSION = YES;
				CLANG_WARN_OBJC_ROOT_CLASS = YES_ERROR;
				CLANG_WARN_SUSPICIOUS_MOVE = YES;
				CLANG_WARN_UNREACHABLE_CODE = YES;
				CLANG_WARN__DUPLICATE_METHOD_MATCH = YES;
				"CODE_SIGN_IDENTITY[sdk=iphoneos*]" = "iPhone Developer";
				COPY_PHASE_STRIP = NO;
				DEBUG_INFORMATION_FORMAT = "dwarf-with-dsym";
				ENABLE_NS_ASSERTIONS = NO;
				ENABLE_STRICT_OBJC_MSGSEND = YES;
				GCC_C_LANGUAGE_STANDARD = gnu99;
				GCC_NO_COMMON_BLOCKS = YES;
				GCC_WARN_64_TO_32_BIT_CONVERSION = YES;
				GCC_WARN_ABOUT_RETURN_TYPE = YES_ERROR;
				GCC_WARN_UNDECLARED_SELECTOR = YES;
				GCC_WARN_UNINITIALIZED_AUTOS = YES_AGGRESSIVE;
				GCC_WARN_UNUSED_FUNCTION = YES;
				GCC_WARN_UNUSED_VARIABLE = YES;
				IPHONEOS_DEPLOYMENT_TARGET = 9.3;
				MTL_ENABLE_DEBUG_INFO = NO;
				SDKROOT = iphoneos;
				SWIFT_OPTIMIZATION_LEVEL = "-Owholemodule";
				VALIDATE_PRODUCT = YES;
			};
			name = Release;
		};
		0E14A7401DD48B6F009D76A7 /* Debug */ = {
			isa = XCBuildConfiguration;
			baseConfigurationReference = 6720BF42EA36A8FD979234F6 /* Pods-DoNothing.debug.xcconfig */;
			buildSettings = {
				ASSETCATALOG_COMPILER_APPICON_NAME = AppIcon;
				CODE_SIGN_IDENTITY = "iPhone Developer";
				"CODE_SIGN_IDENTITY[sdk=iphoneos*]" = "iPhone Developer";
				DEVELOPMENT_TEAM = ZCWH6BR77F;
				INFOPLIST_FILE = DoNothing/Info.plist;
				IPHONEOS_DEPLOYMENT_TARGET = 8.0;
				LD_RUNPATH_SEARCH_PATHS = "$(inherited) @executable_path/Frameworks";
				PRODUCT_BUNDLE_IDENTIFIER = com.ronyboo3.DoNothingApp;
				PRODUCT_NAME = "$(TARGET_NAME)";
				PROVISIONING_PROFILE = "27c94c5f-9e8e-4a9f-9d49-8aa15c9937c6";
				PROVISIONING_PROFILE_SPECIFIER = DoNothingDevelopment;
				SWIFT_OBJC_BRIDGING_HEADER = "$(SRCROOT)/$(PRODUCT)DoNothing/DoNothing-Bridging-Header.h";
				SWIFT_VERSION = 3.0;
			};
			name = Debug;
		};
		0E14A7411DD48B6F009D76A7 /* Release */ = {
			isa = XCBuildConfiguration;
			baseConfigurationReference = 116A7C88B2291B281D816EE4 /* Pods-DoNothing.release.xcconfig */;
			buildSettings = {
				ASSETCATALOG_COMPILER_APPICON_NAME = AppIcon;
				CODE_SIGN_IDENTITY = "iPhone Developer";
				"CODE_SIGN_IDENTITY[sdk=iphoneos*]" = "iPhone Distribution";
				DEVELOPMENT_TEAM = ZCWH6BR77F;
				INFOPLIST_FILE = DoNothing/Info.plist;
				IPHONEOS_DEPLOYMENT_TARGET = 8.0;
				LD_RUNPATH_SEARCH_PATHS = "$(inherited) @executable_path/Frameworks";
				PRODUCT_BUNDLE_IDENTIFIER = com.ronyboo3.DoNothingApp;
				PRODUCT_NAME = "$(TARGET_NAME)";
				PROVISIONING_PROFILE = "fac9211a-6886-40ac-afe1-64f207fcfb5f";
				PROVISIONING_PROFILE_SPECIFIER = DoNothingProduction;
				SWIFT_OBJC_BRIDGING_HEADER = "$(SRCROOT)/$(PRODUCT)DoNothing/DoNothing-Bridging-Header.h";
				SWIFT_VERSION = 3.0;
			};
			name = Release;
		};
/* End XCBuildConfiguration section */

/* Begin XCConfigurationList section */
		0E14A7281DD48B6F009D76A7 /* Build configuration list for PBXProject "DoNothing" */ = {
			isa = XCConfigurationList;
			buildConfigurations = (
				0E14A73D1DD48B6F009D76A7 /* Debug */,
				0E14A73E1DD48B6F009D76A7 /* Release */,
			);
			defaultConfigurationIsVisible = 0;
			defaultConfigurationName = Release;
		};
		0E14A73F1DD48B6F009D76A7 /* Build configuration list for PBXNativeTarget "DoNothing" */ = {
			isa = XCConfigurationList;
			buildConfigurations = (
				0E14A7401DD48B6F009D76A7 /* Debug */,
				0E14A7411DD48B6F009D76A7 /* Release */,
			);
			defaultConfigurationIsVisible = 0;
			defaultConfigurationName = Release;
		};
/* End XCConfigurationList section */
	};
	rootObject = 0E14A7251DD48B6F009D76A7 /* Project object */;
}
